
Microsoft Visual Studio Solution File, Format Version 11.00
# Visual Studio 2010
Project("{8BC9CEB8-8B4A-11D0-8D11-00A0C91BC942}") = "MatricesImmediates", "MatricesImmediates\MatricesImmediates.vcxproj", "{48334260-E054-4BA8-985F-5EA305EF2921}"
EndProject
Project("{8BC9CEB8-8B4A-11D0-8D11-00A0C91BC942}") = "TestImmediates", "TestImmediates\TestImmediates.vcxproj", "{24441157-0A99-4E5B-97EB-EBD527E7CDD4}"
	ProjectSection(ProjectDependencies) = postProject
		{48334260-E054-4BA8-985F-5EA305EF2921} = {48334260-E054-4BA8-985F-5EA305EF2921}
	EndProjectSection
EndProject
Project("{8BC9CEB8-8B4A-11D0-8D11-00A0C91BC942}") = "MatricesTardives", "MatricesTardives\MatricesTardives.vcxproj", "{1E43C6CE-DBA8-4871-8D97-280574D5EC61}"
EndProject
Project("{8BC9CEB8-8B4A-11D0-8D11-00A0C91BC942}") = "TestTardives", "TestTardives\TestTardives.vcxproj", "{F945EC56-1699-4388-8DBA-C3FCEC34CAD5}"
	ProjectSection(ProjectDependencies) = postProject
		{1E43C6CE-DBA8-4871-8D97-280574D5EC61} = {1E43C6CE-DBA8-4871-8D97-280574D5EC61}
	EndProjectSection
EndProject
Global
	GlobalSection(SolutionConfigurationPlatforms) = preSolution
		Debug|Win32 = Debug|Win32
		Release|Win32 = Release|Win32
	EndGlobalSection
	GlobalSection(ProjectConfigurationPlatforms) = postSolution
		{48334260-E054-4BA8-985F-5EA305EF2921}.Debug|Win32.ActiveCfg = Debug|Win32
		{48334260-E054-4BA8-985F-5EA305EF2921}.Debug|Win32.Build.0 = Debug|Win32
		{48334260-E054-4BA8-985F-5EA305EF2921}.Release|Win32.ActiveCfg = Release|Win32
		{48334260-E054-4BA8-985F-5EA305EF2921}.Release|Win32.Build.0 = Release|Win32
		{24441157-0A99-4E5B-97EB-EBD527E7CDD4}.Debug|Win32.ActiveCfg = Debug|Win32
		{24441157-0A99-4E5B-97EB-EBD527E7CDD4}.Debug|Win32.Build.0 = Debug|Win32
		{24441157-0A99-4E5B-97EB-EBD527E7CDD4}.Release|Win32.ActiveCfg = Release|Win32
		{24441157-0A99-4E5B-97EB-EBD527E7CDD4}.Release|Win32.Build.0 = Release|Win32
		{1E43C6CE-DBA8-4871-8D97-280574D5EC61}.Debug|Win32.ActiveCfg = Debug|Win32
		{1E43C6CE-DBA8-4871-8D97-280574D5EC61}.Debug|Win32.Build.0 = Debug|Win32
		{1E43C6CE-DBA8-4871-8D97-280574D5EC61}.Release|Win32.ActiveCfg = Release|Win32
		{1E43C6CE-DBA8-4871-8D97-280574D5EC61}.Release|Win32.Build.0 = Release|Win32
		{F945EC56-1699-4388-8DBA-C3FCEC34CAD5}.Debug|Win32.ActiveCfg = Debug|Win32
		{F945EC56-1699-4388-8DBA-C3FCEC34CAD5}.Debug|Win32.Build.0 = Debug|Win32
		{F945EC56-1699-4388-8DBA-C3FCEC34CAD5}.Release|Win32.ActiveCfg = Release|Win32
		{F945EC56-1699-4388-8DBA-C3FCEC34CAD5}.Release|Win32.Build.0 = Release|Win32
	EndGlobalSection
	GlobalSection(SolutionProperties) = preSolution
		HideSolutionNode = FALSE
	EndGlobalSection
EndGlobal
